
Microsoft Visual Studio Solution File, Format Version 12.00
# Visual Studio 14
VisualStudioVersion = 14.0.25420.1
MinimumVisualStudioVersion = 10.0.40219.1
Project("{FAE04EC0-301F-11D3-BF4B-00C04F79EFBC}") = "Console_WebAPI", "Console_WebAPI\Console_WebAPI.csproj", "{C22B4490-40F8-4DAF-8CDC-9638801C314B}"
EndProject
Project("{FAE04EC0-301F-11D3-BF4B-00C04F79EFBC}") = "Console_WebAPI_HttpClient", "Console_WebAPI_HttpClient\Console_WebAPI_HttpClient.csproj", "{6A1E6756-0548-44BA-AE98-89F4BCC83C81}"
EndProject
Global
	GlobalSection(SolutionConfigurationPlatforms) = preSolution
		Debug|Any CPU = Debug|Any CPU
		Release|Any CPU = Release|Any CPU
	EndGlobalSection
	GlobalSection(ProjectConfigurationPlatforms) = postSolution
		{C22B4490-40F8-4DAF-8CDC-9638801C314B}.Debug|Any CPU.ActiveCfg = Debug|Any CPU
		{C22B4490-40F8-4DAF-8CDC-9638801C314B}.Debug|Any CPU.Build.0 = Debug|Any CPU
		{C22B4490-40F8-4DAF-8CDC-9638801C314B}.Release|Any CPU.ActiveCfg = Release|Any CPU
		{C22B4490-40F8-4DAF-8CDC-9638801C314B}.Release|Any CPU.Build.0 = Release|Any CPU
		{6A1E6756-0548-44BA-AE98-89F4BCC83C81}.Debug|Any CPU.ActiveCfg = Debug|Any CPU
		{6A1E6756-0548-44BA-AE98-89F4BCC83C81}.Debug|Any CPU.Build.0 = Debug|Any CPU
		{6A1E6756-0548-44BA-AE98-89F4BCC83C81}.Release|Any CPU.ActiveCfg = Release|Any CPU
		{6A1E6756-0548-44BA-AE98-89F4BCC83C81}.Release|Any CPU.Build.0 = Release|Any CPU
	EndGlobalSection
	GlobalSection(SolutionProperties) = preSolution
		HideSolutionNode = FALSE
	EndGlobalSection
EndGlobal
